
Microsoft Visual Studio Solution File, Format Version 12.00
# Visual Studio Version 17
VisualStudioVersion = 17.12.35707.178
MinimumVisualStudioVersion = 10.0.40219.1
Project("{FAE04EC0-301F-11D3-BF4B-00C04F79EFBC}") = "GUIExplorer.WPF", "GUIExplorer.WPF\GUIExplorer.WPF.csproj", "{318BC83F-6DB1-4F5A-B856-9ECEFDFEFE60}"
EndProject
Project("{FAE04EC0-301F-11D3-BF4B-00C04F79EFBC}") = "GUIConsole", "GUIConsole\GUIConsole.csproj", "{99F50BA5-30F3-4E87-A926-278ADE5690EA}"
EndProject
Global
	GlobalSection(SolutionConfigurationPlatforms) = preSolution
		Debug|Any CPU = Debug|Any CPU
		Release|Any CPU = Release|Any CPU
	EndGlobalSection
	GlobalSection(ProjectConfigurationPlatforms) = postSolution
		{318BC83F-6DB1-4F5A-B856-9ECEFDFEFE60}.Debug|Any CPU.ActiveCfg = Debug|Any CPU
		{318BC83F-6DB1-4F5A-B856-9ECEFDFEFE60}.Debug|Any CPU.Build.0 = Debug|Any CPU
		{318BC83F-6DB1-4F5A-B856-9ECEFDFEFE60}.Release|Any CPU.ActiveCfg = Release|Any CPU
		{318BC83F-6DB1-4F5A-B856-9ECEFDFEFE60}.Release|Any CPU.Build.0 = Release|Any CPU
		{99F50BA5-30F3-4E87-A926-278ADE5690EA}.Debug|Any CPU.ActiveCfg = Debug|Any CPU
		{99F50BA5-30F3-4E87-A926-278ADE5690EA}.Debug|Any CPU.Build.0 = Debug|Any CPU
		{99F50BA5-30F3-4E87-A926-278ADE5690EA}.Release|Any CPU.ActiveCfg = Release|Any CPU
		{99F50BA5-30F3-4E87-A926-278ADE5690EA}.Release|Any CPU.Build.0 = Release|Any CPU
	EndGlobalSection
	GlobalSection(SolutionProperties) = preSolution
		HideSolutionNode = FALSE
	EndGlobalSection
	GlobalSection(ExtensibilityGlobals) = postSolution
		SolutionGuid = {B583FFBF-210E-43BD-85E3-A0C90DEC226E}
	EndGlobalSection
EndGlobal
